
Microsoft Visual Studio Solution File, Format Version 12.00
# Visual Studio 15
VisualStudioVersion = 15.0.27004.2008
MinimumVisualStudioVersion = 10.0.40219.1
Project("{FAE04EC0-301F-11D3-BF4B-00C04F79EFBC}") = "Hillinworks.TiledImage.Core", "Hillinworks.TiledImage.Core\Hillinworks.TiledImage.Core.csproj", "{B791D5C7-8FDB-4B7F-AFC1-3531B56B0C4C}"
EndProject
Project("{FAE04EC0-301F-11D3-BF4B-00C04F79EFBC}") = "Hillinworks.TiledImage.Controls", "Hillinworks.TiledImage.Controls\Hillinworks.TiledImage.Controls.csproj", "{FD741D56-E130-4005-A12A-880E103F51F7}"
EndProject
Project("{FAE04EC0-301F-11D3-BF4B-00C04F79EFBC}") = "Hillinworks.TiledImage.Demo", "Hillinworks.TiledImage.Demo\Hillinworks.TiledImage.Demo.csproj", "{D7B786C3-9F65-48EC-8396-E47531D1A2B9}"
EndProject
Global
	GlobalSection(SolutionConfigurationPlatforms) = preSolution
		Debug|Any CPU = Debug|Any CPU
		Release|Any CPU = Release|Any CPU
	EndGlobalSection
	GlobalSection(ProjectConfigurationPlatforms) = postSolution
		{B791D5C7-8FDB-4B7F-AFC1-3531B56B0C4C}.Debug|Any CPU.ActiveCfg = Debug|Any CPU
		{B791D5C7-8FDB-4B7F-AFC1-3531B56B0C4C}.Debug|Any CPU.Build.0 = Debug|Any CPU
		{B791D5C7-8FDB-4B7F-AFC1-3531B56B0C4C}.Release|Any CPU.ActiveCfg = Release|Any CPU
		{B791D5C7-8FDB-4B7F-AFC1-3531B56B0C4C}.Release|Any CPU.Build.0 = Release|Any CPU
		{FD741D56-E130-4005-A12A-880E103F51F7}.Debug|Any CPU.ActiveCfg = Debug|Any CPU
		{FD741D56-E130-4005-A12A-880E103F51F7}.Debug|Any CPU.Build.0 = Debug|Any CPU
		{FD741D56-E130-4005-A12A-880E103F51F7}.Release|Any CPU.ActiveCfg = Release|Any CPU
		{FD741D56-E130-4005-A12A-880E103F51F7}.Release|Any CPU.Build.0 = Release|Any CPU
		{D7B786C3-9F65-48EC-8396-E47531D1A2B9}.Debug|Any CPU.ActiveCfg = Debug|Any CPU
		{D7B786C3-9F65-48EC-8396-E47531D1A2B9}.Debug|Any CPU.Build.0 = Debug|Any CPU
		{D7B786C3-9F65-48EC-8396-E47531D1A2B9}.Release|Any CPU.ActiveCfg = Release|Any CPU
		{D7B786C3-9F65-48EC-8396-E47531D1A2B9}.Release|Any CPU.Build.0 = Release|Any CPU
	EndGlobalSection
	GlobalSection(SolutionProperties) = preSolution
		HideSolutionNode = FALSE
	EndGlobalSection
	GlobalSection(ExtensibilityGlobals) = postSolution
		SolutionGuid = {EF6E1ABC-B3A9-47A2-9C81-74519D76DDAF}
	EndGlobalSection
EndGlobal
